
Microsoft Visual Studio Solution File, Format Version 12.00
# Visual Studio Version 17
VisualStudioVersion = 17.11.35303.130
MinimumVisualStudioVersion = 10.0.40219.1
Project("{FAE04EC0-301F-11D3-BF4B-00C04F79EFBC}") = "b", "b.csproj", "{7B0676D2-A6BC-4CD4-A732-9564E955E99D}"
EndProject
Global
	GlobalSection(SolutionConfigurationPlatforms) = preSolution
		Debug|Any CPU = Debug|Any CPU
		Release|Any CPU = Release|Any CPU
	EndGlobalSection
	GlobalSection(ProjectConfigurationPlatforms) = postSolution
		{7B0676D2-A6BC-4CD4-A732-9564E955E99D}.Debug|Any CPU.ActiveCfg = Debug|Any CPU
		{7B0676D2-A6BC-4CD4-A732-9564E955E99D}.Debug|Any CPU.Build.0 = Debug|Any CPU
		{7B0676D2-A6BC-4CD4-A732-9564E955E99D}.Release|Any CPU.ActiveCfg = Release|Any CPU
		{7B0676D2-A6BC-4CD4-A732-9564E955E99D}.Release|Any CPU.Build.0 = Release|Any CPU
	EndGlobalSection
	GlobalSection(SolutionProperties) = preSolution
		HideSolutionNode = FALSE
	EndGlobalSection
	GlobalSection(ExtensibilityGlobals) = postSolution
		SolutionGuid = {F24770CD-1A72-48B2-9270-CD6708CE624B}
	EndGlobalSection
EndGlobal
