
Microsoft Visual Studio Solution File, Format Version 12.00
# Visual Studio Version 17
VisualStudioVersion = 17.11.35303.130
MinimumVisualStudioVersion = 10.0.40219.1
Project("{FAE04EC0-301F-11D3-BF4B-00C04F79EFBC}") = "tt1", "tt1.csproj", "{14B286DE-B79E-464A-9096-5493DB63BF69}"
EndProject
Global
	GlobalSection(SolutionConfigurationPlatforms) = preSolution
		Debug|Any CPU = Debug|Any CPU
		Release|Any CPU = Release|Any CPU
	EndGlobalSection
	GlobalSection(ProjectConfigurationPlatforms) = postSolution
		{14B286DE-B79E-464A-9096-5493DB63BF69}.Debug|Any CPU.ActiveCfg = Debug|Any CPU
		{14B286DE-B79E-464A-9096-5493DB63BF69}.Debug|Any CPU.Build.0 = Debug|Any CPU
		{14B286DE-B79E-464A-9096-5493DB63BF69}.Release|Any CPU.ActiveCfg = Release|Any CPU
		{14B286DE-B79E-464A-9096-5493DB63BF69}.Release|Any CPU.Build.0 = Release|Any CPU
	EndGlobalSection
	GlobalSection(SolutionProperties) = preSolution
		HideSolutionNode = FALSE
	EndGlobalSection
	GlobalSection(ExtensibilityGlobals) = postSolution
		SolutionGuid = {24B55DF0-5235-49E9-BCB4-5807B7E3E9C7}
	EndGlobalSection
EndGlobal
