
Microsoft Visual Studio Solution File, Format Version 12.00
# Visual Studio Version 17
VisualStudioVersion = 17.11.35303.130
MinimumVisualStudioVersion = 10.0.40219.1
Project("{FAE04EC0-301F-11D3-BF4B-00C04F79EFBC}") = "домашка7.3", "домашка7.3.csproj", "{B54C84C5-AC31-4D71-9C5A-C33BFA0436B9}"
EndProject
Global
	GlobalSection(SolutionConfigurationPlatforms) = preSolution
		Debug|Any CPU = Debug|Any CPU
		Release|Any CPU = Release|Any CPU
	EndGlobalSection
	GlobalSection(ProjectConfigurationPlatforms) = postSolution
		{B54C84C5-AC31-4D71-9C5A-C33BFA0436B9}.Debug|Any CPU.ActiveCfg = Debug|Any CPU
		{B54C84C5-AC31-4D71-9C5A-C33BFA0436B9}.Debug|Any CPU.Build.0 = Debug|Any CPU
		{B54C84C5-AC31-4D71-9C5A-C33BFA0436B9}.Release|Any CPU.ActiveCfg = Release|Any CPU
		{B54C84C5-AC31-4D71-9C5A-C33BFA0436B9}.Release|Any CPU.Build.0 = Release|Any CPU
	EndGlobalSection
	GlobalSection(SolutionProperties) = preSolution
		HideSolutionNode = FALSE
	EndGlobalSection
	GlobalSection(ExtensibilityGlobals) = postSolution
		SolutionGuid = {7ABBDBC3-6B54-4A4D-9B28-D7C0D94E48B7}
	EndGlobalSection
EndGlobal
