
Microsoft Visual Studio Solution File, Format Version 12.00
# Visual Studio Version 17
VisualStudioVersion = 17.11.35303.130
MinimumVisualStudioVersion = 10.0.40219.1
Project("{FAE04EC0-301F-11D3-BF4B-00C04F79EFBC}") = "ДЗ7", "ДЗ7.csproj", "{73CA6B44-F362-4891-888B-B57D28822C04}"
EndProject
Global
	GlobalSection(SolutionConfigurationPlatforms) = preSolution
		Debug|Any CPU = Debug|Any CPU
		Release|Any CPU = Release|Any CPU
	EndGlobalSection
	GlobalSection(ProjectConfigurationPlatforms) = postSolution
		{73CA6B44-F362-4891-888B-B57D28822C04}.Debug|Any CPU.ActiveCfg = Debug|Any CPU
		{73CA6B44-F362-4891-888B-B57D28822C04}.Debug|Any CPU.Build.0 = Debug|Any CPU
		{73CA6B44-F362-4891-888B-B57D28822C04}.Release|Any CPU.ActiveCfg = Release|Any CPU
		{73CA6B44-F362-4891-888B-B57D28822C04}.Release|Any CPU.Build.0 = Release|Any CPU
	EndGlobalSection
	GlobalSection(SolutionProperties) = preSolution
		HideSolutionNode = FALSE
	EndGlobalSection
	GlobalSection(ExtensibilityGlobals) = postSolution
		SolutionGuid = {BA018894-E644-4655-BA9C-51D260479661}
	EndGlobalSection
EndGlobal
