
Microsoft Visual Studio Solution File, Format Version 12.00
# Visual Studio Version 17
VisualStudioVersion = 17.11.35303.130
MinimumVisualStudioVersion = 10.0.40219.1
Project("{FAE04EC0-301F-11D3-BF4B-00C04F79EFBC}") = "о4", "о4.csproj", "{5DB26F71-858B-459F-8B7C-5275FAC42485}"
EndProject
Global
	GlobalSection(SolutionConfigurationPlatforms) = preSolution
		Debug|Any CPU = Debug|Any CPU
		Release|Any CPU = Release|Any CPU
	EndGlobalSection
	GlobalSection(ProjectConfigurationPlatforms) = postSolution
		{5DB26F71-858B-459F-8B7C-5275FAC42485}.Debug|Any CPU.ActiveCfg = Debug|Any CPU
		{5DB26F71-858B-459F-8B7C-5275FAC42485}.Debug|Any CPU.Build.0 = Debug|Any CPU
		{5DB26F71-858B-459F-8B7C-5275FAC42485}.Release|Any CPU.ActiveCfg = Release|Any CPU
		{5DB26F71-858B-459F-8B7C-5275FAC42485}.Release|Any CPU.Build.0 = Release|Any CPU
	EndGlobalSection
	GlobalSection(SolutionProperties) = preSolution
		HideSolutionNode = FALSE
	EndGlobalSection
	GlobalSection(ExtensibilityGlobals) = postSolution
		SolutionGuid = {760A2AAA-CF21-4A8B-BB9D-8782C04295F2}
	EndGlobalSection
EndGlobal
