
Microsoft Visual Studio Solution File, Format Version 12.00
# Visual Studio Version 17
VisualStudioVersion = 17.11.35303.130
MinimumVisualStudioVersion = 10.0.40219.1
Project("{FAE04EC0-301F-11D3-BF4B-00C04F79EFBC}") = "шахматы1", "шахматы1.csproj", "{0429CAC4-4855-415B-A5F1-30B9C54086BC}"
EndProject
Global
	GlobalSection(SolutionConfigurationPlatforms) = preSolution
		Debug|Any CPU = Debug|Any CPU
		Release|Any CPU = Release|Any CPU
	EndGlobalSection
	GlobalSection(ProjectConfigurationPlatforms) = postSolution
		{0429CAC4-4855-415B-A5F1-30B9C54086BC}.Debug|Any CPU.ActiveCfg = Debug|Any CPU
		{0429CAC4-4855-415B-A5F1-30B9C54086BC}.Debug|Any CPU.Build.0 = Debug|Any CPU
		{0429CAC4-4855-415B-A5F1-30B9C54086BC}.Release|Any CPU.ActiveCfg = Release|Any CPU
		{0429CAC4-4855-415B-A5F1-30B9C54086BC}.Release|Any CPU.Build.0 = Release|Any CPU
	EndGlobalSection
	GlobalSection(SolutionProperties) = preSolution
		HideSolutionNode = FALSE
	EndGlobalSection
	GlobalSection(ExtensibilityGlobals) = postSolution
		SolutionGuid = {DA3B6578-14F6-4053-913E-AA83F1A8C040}
	EndGlobalSection
EndGlobal
