
Microsoft Visual Studio Solution File, Format Version 12.00
# Visual Studio Version 17
VisualStudioVersion = 17.11.35303.130
MinimumVisualStudioVersion = 10.0.40219.1
Project("{FAE04EC0-301F-11D3-BF4B-00C04F79EFBC}") = "o3", "o3.csproj", "{CBEE2EA8-6DBE-4B54-A651-B1CEBAF9964D}"
EndProject
Global
	GlobalSection(SolutionConfigurationPlatforms) = preSolution
		Debug|Any CPU = Debug|Any CPU
		Release|Any CPU = Release|Any CPU
	EndGlobalSection
	GlobalSection(ProjectConfigurationPlatforms) = postSolution
		{CBEE2EA8-6DBE-4B54-A651-B1CEBAF9964D}.Debug|Any CPU.ActiveCfg = Debug|Any CPU
		{CBEE2EA8-6DBE-4B54-A651-B1CEBAF9964D}.Debug|Any CPU.Build.0 = Debug|Any CPU
		{CBEE2EA8-6DBE-4B54-A651-B1CEBAF9964D}.Release|Any CPU.ActiveCfg = Release|Any CPU
		{CBEE2EA8-6DBE-4B54-A651-B1CEBAF9964D}.Release|Any CPU.Build.0 = Release|Any CPU
	EndGlobalSection
	GlobalSection(SolutionProperties) = preSolution
		HideSolutionNode = FALSE
	EndGlobalSection
	GlobalSection(ExtensibilityGlobals) = postSolution
		SolutionGuid = {C2F96D55-529B-4081-A84D-4EAD79DED161}
	EndGlobalSection
EndGlobal
