
Microsoft Visual Studio Solution File, Format Version 12.00
# Visual Studio Version 17
VisualStudioVersion = 17.11.35303.130
MinimumVisualStudioVersion = 10.0.40219.1
Project("{FAE04EC0-301F-11D3-BF4B-00C04F79EFBC}") = "домашнее7.1", "домашнее7.1.csproj", "{9B011F06-8B9B-4EC7-8CCD-BE187A27C6CC}"
EndProject
Global
	GlobalSection(SolutionConfigurationPlatforms) = preSolution
		Debug|Any CPU = Debug|Any CPU
		Release|Any CPU = Release|Any CPU
	EndGlobalSection
	GlobalSection(ProjectConfigurationPlatforms) = postSolution
		{9B011F06-8B9B-4EC7-8CCD-BE187A27C6CC}.Debug|Any CPU.ActiveCfg = Debug|Any CPU
		{9B011F06-8B9B-4EC7-8CCD-BE187A27C6CC}.Debug|Any CPU.Build.0 = Debug|Any CPU
		{9B011F06-8B9B-4EC7-8CCD-BE187A27C6CC}.Release|Any CPU.ActiveCfg = Release|Any CPU
		{9B011F06-8B9B-4EC7-8CCD-BE187A27C6CC}.Release|Any CPU.Build.0 = Release|Any CPU
	EndGlobalSection
	GlobalSection(SolutionProperties) = preSolution
		HideSolutionNode = FALSE
	EndGlobalSection
	GlobalSection(ExtensibilityGlobals) = postSolution
		SolutionGuid = {1EA2DF29-1293-4514-A60F-79D12A86E941}
	EndGlobalSection
EndGlobal
