
Microsoft Visual Studio Solution File, Format Version 12.00
# Visual Studio Version 17
VisualStudioVersion = 17.11.35303.130
MinimumVisualStudioVersion = 10.0.40219.1
Project("{FAE04EC0-301F-11D3-BF4B-00C04F79EFBC}") = "дз6", "дз6.csproj", "{00E9DFB3-428A-486C-BD7F-6FE79AE8114A}"
EndProject
Global
	GlobalSection(SolutionConfigurationPlatforms) = preSolution
		Debug|Any CPU = Debug|Any CPU
		Release|Any CPU = Release|Any CPU
	EndGlobalSection
	GlobalSection(ProjectConfigurationPlatforms) = postSolution
		{00E9DFB3-428A-486C-BD7F-6FE79AE8114A}.Debug|Any CPU.ActiveCfg = Debug|Any CPU
		{00E9DFB3-428A-486C-BD7F-6FE79AE8114A}.Debug|Any CPU.Build.0 = Debug|Any CPU
		{00E9DFB3-428A-486C-BD7F-6FE79AE8114A}.Release|Any CPU.ActiveCfg = Release|Any CPU
		{00E9DFB3-428A-486C-BD7F-6FE79AE8114A}.Release|Any CPU.Build.0 = Release|Any CPU
	EndGlobalSection
	GlobalSection(SolutionProperties) = preSolution
		HideSolutionNode = FALSE
	EndGlobalSection
	GlobalSection(ExtensibilityGlobals) = postSolution
		SolutionGuid = {57F02299-FCC1-479C-99CB-BE944A264177}
	EndGlobalSection
EndGlobal
