
Microsoft Visual Studio Solution File, Format Version 12.00
# Visual Studio Version 17
VisualStudioVersion = 17.11.35303.130
MinimumVisualStudioVersion = 10.0.40219.1
Project("{FAE04EC0-301F-11D3-BF4B-00C04F79EFBC}") = "к2", "к2.csproj", "{CBBAD515-B9AE-4F23-950D-46DB8D5769C7}"
EndProject
Global
	GlobalSection(SolutionConfigurationPlatforms) = preSolution
		Debug|Any CPU = Debug|Any CPU
		Release|Any CPU = Release|Any CPU
	EndGlobalSection
	GlobalSection(ProjectConfigurationPlatforms) = postSolution
		{CBBAD515-B9AE-4F23-950D-46DB8D5769C7}.Debug|Any CPU.ActiveCfg = Debug|Any CPU
		{CBBAD515-B9AE-4F23-950D-46DB8D5769C7}.Debug|Any CPU.Build.0 = Debug|Any CPU
		{CBBAD515-B9AE-4F23-950D-46DB8D5769C7}.Release|Any CPU.ActiveCfg = Release|Any CPU
		{CBBAD515-B9AE-4F23-950D-46DB8D5769C7}.Release|Any CPU.Build.0 = Release|Any CPU
	EndGlobalSection
	GlobalSection(SolutionProperties) = preSolution
		HideSolutionNode = FALSE
	EndGlobalSection
	GlobalSection(ExtensibilityGlobals) = postSolution
		SolutionGuid = {54DFFF03-DB07-4B42-BD34-058A98F6C0E8}
	EndGlobalSection
EndGlobal
