
Microsoft Visual Studio Solution File, Format Version 12.00
# Visual Studio Version 17
VisualStudioVersion = 17.11.35303.130
MinimumVisualStudioVersion = 10.0.40219.1
Project("{FAE04EC0-301F-11D3-BF4B-00C04F79EFBC}") = "6.1", "6.1.csproj", "{5A6A4FA4-9D8A-48F8-9B2A-1A782C29A5EE}"
EndProject
Global
	GlobalSection(SolutionConfigurationPlatforms) = preSolution
		Debug|Any CPU = Debug|Any CPU
		Release|Any CPU = Release|Any CPU
	EndGlobalSection
	GlobalSection(ProjectConfigurationPlatforms) = postSolution
		{5A6A4FA4-9D8A-48F8-9B2A-1A782C29A5EE}.Debug|Any CPU.ActiveCfg = Debug|Any CPU
		{5A6A4FA4-9D8A-48F8-9B2A-1A782C29A5EE}.Debug|Any CPU.Build.0 = Debug|Any CPU
		{5A6A4FA4-9D8A-48F8-9B2A-1A782C29A5EE}.Release|Any CPU.ActiveCfg = Release|Any CPU
		{5A6A4FA4-9D8A-48F8-9B2A-1A782C29A5EE}.Release|Any CPU.Build.0 = Release|Any CPU
	EndGlobalSection
	GlobalSection(SolutionProperties) = preSolution
		HideSolutionNode = FALSE
	EndGlobalSection
	GlobalSection(ExtensibilityGlobals) = postSolution
		SolutionGuid = {21A66A3E-F46D-46E4-A3B7-DE9A62DC53BC}
	EndGlobalSection
EndGlobal
