
Microsoft Visual Studio Solution File, Format Version 12.00
# Visual Studio Version 17
VisualStudioVersion = 17.11.35303.130
MinimumVisualStudioVersion = 10.0.40219.1
Project("{FAE04EC0-301F-11D3-BF4B-00C04F79EFBC}") = "дз5", "дз5.csproj", "{BF4C8B3C-1EA4-4988-901A-AC759F48AB9D}"
EndProject
Global
	GlobalSection(SolutionConfigurationPlatforms) = preSolution
		Debug|Any CPU = Debug|Any CPU
		Release|Any CPU = Release|Any CPU
	EndGlobalSection
	GlobalSection(ProjectConfigurationPlatforms) = postSolution
		{BF4C8B3C-1EA4-4988-901A-AC759F48AB9D}.Debug|Any CPU.ActiveCfg = Debug|Any CPU
		{BF4C8B3C-1EA4-4988-901A-AC759F48AB9D}.Debug|Any CPU.Build.0 = Debug|Any CPU
		{BF4C8B3C-1EA4-4988-901A-AC759F48AB9D}.Release|Any CPU.ActiveCfg = Release|Any CPU
		{BF4C8B3C-1EA4-4988-901A-AC759F48AB9D}.Release|Any CPU.Build.0 = Release|Any CPU
	EndGlobalSection
	GlobalSection(SolutionProperties) = preSolution
		HideSolutionNode = FALSE
	EndGlobalSection
	GlobalSection(ExtensibilityGlobals) = postSolution
		SolutionGuid = {72EBDFE7-E886-4036-98C4-8A080D3F58AF}
	EndGlobalSection
EndGlobal
