
Microsoft Visual Studio Solution File, Format Version 12.00
# Visual Studio Version 17
VisualStudioVersion = 17.11.35303.130
MinimumVisualStudioVersion = 10.0.40219.1
Project("{FAE04EC0-301F-11D3-BF4B-00C04F79EFBC}") = "выделение метода", "выделение метода.csproj", "{B46B6231-8438-4ED5-BC5D-154F4CFEB35C}"
EndProject
Global
	GlobalSection(SolutionConfigurationPlatforms) = preSolution
		Debug|Any CPU = Debug|Any CPU
		Release|Any CPU = Release|Any CPU
	EndGlobalSection
	GlobalSection(ProjectConfigurationPlatforms) = postSolution
		{B46B6231-8438-4ED5-BC5D-154F4CFEB35C}.Debug|Any CPU.ActiveCfg = Debug|Any CPU
		{B46B6231-8438-4ED5-BC5D-154F4CFEB35C}.Debug|Any CPU.Build.0 = Debug|Any CPU
		{B46B6231-8438-4ED5-BC5D-154F4CFEB35C}.Release|Any CPU.ActiveCfg = Release|Any CPU
		{B46B6231-8438-4ED5-BC5D-154F4CFEB35C}.Release|Any CPU.Build.0 = Release|Any CPU
	EndGlobalSection
	GlobalSection(SolutionProperties) = preSolution
		HideSolutionNode = FALSE
	EndGlobalSection
	GlobalSection(ExtensibilityGlobals) = postSolution
		SolutionGuid = {F0A301C9-B348-4852-B8A2-99C6B1671E6F}
	EndGlobalSection
EndGlobal
