
Microsoft Visual Studio Solution File, Format Version 12.00
# Visual Studio Version 17
VisualStudioVersion = 17.11.35303.130
MinimumVisualStudioVersion = 10.0.40219.1
Project("{FAE04EC0-301F-11D3-BF4B-00C04F79EFBC}") = "ДЗ№6.2", "ДЗ№6.2.csproj", "{CFAB1D3A-0110-490E-B8BA-73092D6D6659}"
EndProject
Global
	GlobalSection(SolutionConfigurationPlatforms) = preSolution
		Debug|Any CPU = Debug|Any CPU
		Release|Any CPU = Release|Any CPU
	EndGlobalSection
	GlobalSection(ProjectConfigurationPlatforms) = postSolution
		{CFAB1D3A-0110-490E-B8BA-73092D6D6659}.Debug|Any CPU.ActiveCfg = Debug|Any CPU
		{CFAB1D3A-0110-490E-B8BA-73092D6D6659}.Debug|Any CPU.Build.0 = Debug|Any CPU
		{CFAB1D3A-0110-490E-B8BA-73092D6D6659}.Release|Any CPU.ActiveCfg = Release|Any CPU
		{CFAB1D3A-0110-490E-B8BA-73092D6D6659}.Release|Any CPU.Build.0 = Release|Any CPU
	EndGlobalSection
	GlobalSection(SolutionProperties) = preSolution
		HideSolutionNode = FALSE
	EndGlobalSection
	GlobalSection(ExtensibilityGlobals) = postSolution
		SolutionGuid = {33D7B8C3-D88F-4FC6-AFDA-6D1F483D69D2}
	EndGlobalSection
EndGlobal
