
Microsoft Visual Studio Solution File, Format Version 12.00
# Visual Studio Version 17
VisualStudioVersion = 17.11.35303.130
MinimumVisualStudioVersion = 10.0.40219.1
Project("{FAE04EC0-301F-11D3-BF4B-00C04F79EFBC}") = "домашнее4", "домашнее4.csproj", "{2FB78E19-0DC1-4CD5-83F8-00A747D206C5}"
EndProject
Global
	GlobalSection(SolutionConfigurationPlatforms) = preSolution
		Debug|Any CPU = Debug|Any CPU
		Release|Any CPU = Release|Any CPU
	EndGlobalSection
	GlobalSection(ProjectConfigurationPlatforms) = postSolution
		{2FB78E19-0DC1-4CD5-83F8-00A747D206C5}.Debug|Any CPU.ActiveCfg = Debug|Any CPU
		{2FB78E19-0DC1-4CD5-83F8-00A747D206C5}.Debug|Any CPU.Build.0 = Debug|Any CPU
		{2FB78E19-0DC1-4CD5-83F8-00A747D206C5}.Release|Any CPU.ActiveCfg = Release|Any CPU
		{2FB78E19-0DC1-4CD5-83F8-00A747D206C5}.Release|Any CPU.Build.0 = Release|Any CPU
	EndGlobalSection
	GlobalSection(SolutionProperties) = preSolution
		HideSolutionNode = FALSE
	EndGlobalSection
	GlobalSection(ExtensibilityGlobals) = postSolution
		SolutionGuid = {EFAA74A1-2F07-4534-BDD5-4EC89594E92E}
	EndGlobalSection
EndGlobal
