
Microsoft Visual Studio Solution File, Format Version 12.00
# Visual Studio Version 17
VisualStudioVersion = 17.11.35303.130
MinimumVisualStudioVersion = 10.0.40219.1
Project("{FAE04EC0-301F-11D3-BF4B-00C04F79EFBC}") = "tt11", "tt11.csproj", "{1FBB4692-7B74-47B2-B29A-23F6BF12E5D3}"
EndProject
Global
	GlobalSection(SolutionConfigurationPlatforms) = preSolution
		Debug|Any CPU = Debug|Any CPU
		Release|Any CPU = Release|Any CPU
	EndGlobalSection
	GlobalSection(ProjectConfigurationPlatforms) = postSolution
		{1FBB4692-7B74-47B2-B29A-23F6BF12E5D3}.Debug|Any CPU.ActiveCfg = Debug|Any CPU
		{1FBB4692-7B74-47B2-B29A-23F6BF12E5D3}.Debug|Any CPU.Build.0 = Debug|Any CPU
		{1FBB4692-7B74-47B2-B29A-23F6BF12E5D3}.Release|Any CPU.ActiveCfg = Release|Any CPU
		{1FBB4692-7B74-47B2-B29A-23F6BF12E5D3}.Release|Any CPU.Build.0 = Release|Any CPU
	EndGlobalSection
	GlobalSection(SolutionProperties) = preSolution
		HideSolutionNode = FALSE
	EndGlobalSection
	GlobalSection(ExtensibilityGlobals) = postSolution
		SolutionGuid = {3D80CA7E-C582-4EBF-8309-0A5FE5EC81FC}
	EndGlobalSection
EndGlobal
