
Microsoft Visual Studio Solution File, Format Version 12.00
# Visual Studio Version 17
VisualStudioVersion = 17.13.35931.197 d17.13
MinimumVisualStudioVersion = 10.0.40219.1
Project("{FAE04EC0-301F-11D3-BF4B-00C04F79EFBC}") = "CommoditySupply2", "CommoditySupply2.csproj", "{F7C1D040-B075-4BBB-A01F-B7FE497EE250}"
EndProject
Project("{FAE04EC0-301F-11D3-BF4B-00C04F79EFBC}") = "TestProject4", "..\TestProject4\TestProject4.csproj", "{79B3AFAC-65C9-49C7-96C2-85FED26EFBFB}"
EndProject
Global
	GlobalSection(SolutionConfigurationPlatforms) = preSolution
		Debug|Any CPU = Debug|Any CPU
		Release|Any CPU = Release|Any CPU
	EndGlobalSection
	GlobalSection(ProjectConfigurationPlatforms) = postSolution
		{F7C1D040-B075-4BBB-A01F-B7FE497EE250}.Debug|Any CPU.ActiveCfg = Debug|Any CPU
		{F7C1D040-B075-4BBB-A01F-B7FE497EE250}.Debug|Any CPU.Build.0 = Debug|Any CPU
		{F7C1D040-B075-4BBB-A01F-B7FE497EE250}.Release|Any CPU.ActiveCfg = Release|Any CPU
		{F7C1D040-B075-4BBB-A01F-B7FE497EE250}.Release|Any CPU.Build.0 = Release|Any CPU
		{79B3AFAC-65C9-49C7-96C2-85FED26EFBFB}.Debug|Any CPU.ActiveCfg = Debug|Any CPU
		{79B3AFAC-65C9-49C7-96C2-85FED26EFBFB}.Debug|Any CPU.Build.0 = Debug|Any CPU
		{79B3AFAC-65C9-49C7-96C2-85FED26EFBFB}.Release|Any CPU.ActiveCfg = Release|Any CPU
		{79B3AFAC-65C9-49C7-96C2-85FED26EFBFB}.Release|Any CPU.Build.0 = Release|Any CPU
	EndGlobalSection
	GlobalSection(SolutionProperties) = preSolution
		HideSolutionNode = FALSE
	EndGlobalSection
	GlobalSection(ExtensibilityGlobals) = postSolution
		SolutionGuid = {717761C7-CCA6-44D4-918D-B297400DD613}
	EndGlobalSection
EndGlobal
