
Microsoft Visual Studio Solution File, Format Version 12.00
# Visual Studio Version 17
VisualStudioVersion = 17.11.35303.130
MinimumVisualStudioVersion = 10.0.40219.1
Project("{FAE04EC0-301F-11D3-BF4B-00C04F79EFBC}") = "class", "class.csproj", "{F45C43F7-B0D5-46EF-A6DA-03142744754D}"
EndProject
Global
	GlobalSection(SolutionConfigurationPlatforms) = preSolution
		Debug|Any CPU = Debug|Any CPU
		Release|Any CPU = Release|Any CPU
	EndGlobalSection
	GlobalSection(ProjectConfigurationPlatforms) = postSolution
		{F45C43F7-B0D5-46EF-A6DA-03142744754D}.Debug|Any CPU.ActiveCfg = Debug|Any CPU
		{F45C43F7-B0D5-46EF-A6DA-03142744754D}.Debug|Any CPU.Build.0 = Debug|Any CPU
		{F45C43F7-B0D5-46EF-A6DA-03142744754D}.Release|Any CPU.ActiveCfg = Release|Any CPU
		{F45C43F7-B0D5-46EF-A6DA-03142744754D}.Release|Any CPU.Build.0 = Release|Any CPU
	EndGlobalSection
	GlobalSection(SolutionProperties) = preSolution
		HideSolutionNode = FALSE
	EndGlobalSection
	GlobalSection(ExtensibilityGlobals) = postSolution
		SolutionGuid = {B3CBD9AD-9B7E-4160-9E08-29D2C81B071D}
	EndGlobalSection
EndGlobal
